
Microsoft Visual Studio Solution File, Format Version 12.00
# Visual Studio Version 16
VisualStudioVersion = 16.0.30804.86
MinimumVisualStudioVersion = 10.0.40219.1
Project("{9A19103F-16F7-4668-BE54-9A1E7A4F7556}") = "SemesterProjectManager", "SemesterProjectManager\SemesterProjectManager.csproj", "{F9364D5F-806D-4525-BAF6-773C2E4329B7}"
EndProject
Project("{9A19103F-16F7-4668-BE54-9A1E7A4F7556}") = "SemesterProjectManager.Data", "SemesterProjectManager.Data\SemesterProjectManager.Data.csproj", "{6869A71E-46EC-40BB-92EE-BF16244D87B0}"
EndProject
Project("{9A19103F-16F7-4668-BE54-9A1E7A4F7556}") = "SemesterProjectManager.Data.Models", "SemesterProjectManager.Data.Models\SemesterProjectManager.Data.Models.csproj", "{A7490F3E-2072-4EB0-BAC7-F2F55A9784B1}"
EndProject
Global
	GlobalSection(SolutionConfigurationPlatforms) = preSolution
		Debug|Any CPU = Debug|Any CPU
		Release|Any CPU = Release|Any CPU
	EndGlobalSection
	GlobalSection(ProjectConfigurationPlatforms) = postSolution
		{F9364D5F-806D-4525-BAF6-773C2E4329B7}.Debug|Any CPU.ActiveCfg = Debug|Any CPU
		{F9364D5F-806D-4525-BAF6-773C2E4329B7}.Debug|Any CPU.Build.0 = Debug|Any CPU
		{F9364D5F-806D-4525-BAF6-773C2E4329B7}.Release|Any CPU.ActiveCfg = Release|Any CPU
		{F9364D5F-806D-4525-BAF6-773C2E4329B7}.Release|Any CPU.Build.0 = Release|Any CPU
		{6869A71E-46EC-40BB-92EE-BF16244D87B0}.Debug|Any CPU.ActiveCfg = Debug|Any CPU
		{6869A71E-46EC-40BB-92EE-BF16244D87B0}.Debug|Any CPU.Build.0 = Debug|Any CPU
		{6869A71E-46EC-40BB-92EE-BF16244D87B0}.Release|Any CPU.ActiveCfg = Release|Any CPU
		{6869A71E-46EC-40BB-92EE-BF16244D87B0}.Release|Any CPU.Build.0 = Release|Any CPU
		{A7490F3E-2072-4EB0-BAC7-F2F55A9784B1}.Debug|Any CPU.ActiveCfg = Debug|Any CPU
		{A7490F3E-2072-4EB0-BAC7-F2F55A9784B1}.Debug|Any CPU.Build.0 = Debug|Any CPU
		{A7490F3E-2072-4EB0-BAC7-F2F55A9784B1}.Release|Any CPU.ActiveCfg = Release|Any CPU
		{A7490F3E-2072-4EB0-BAC7-F2F55A9784B1}.Release|Any CPU.Build.0 = Release|Any CPU
	EndGlobalSection
	GlobalSection(SolutionProperties) = preSolution
		HideSolutionNode = FALSE
	EndGlobalSection
	GlobalSection(ExtensibilityGlobals) = postSolution
		SolutionGuid = {1BD5EE81-6948-4FFE-A35B-C6141F703321}
	EndGlobalSection
EndGlobal
